{
  "name": "cleaning_app_backend",
  "lockfileVersion": 2,
  "requires": true,
  "packages": {
    "": {
      "dependencies": {
        "@vueform/multiselect": "^1.4.0"
      }
    },
    "node_modules/@vueform/multiselect": {
      "version": "1.4.0",
      "resolved": "https://registry.npmjs.org/@vueform/multiselect/-/multiselect-1.4.0.tgz",
      "integrity": "sha512-8AujoMdPKjjb0UOk8sUyQ2SwEjtTW8+5R7I69mn7LBYMH42kC2GTlwKCGlannaFATq2obfOE/+G04l/GoafEFQ=="
    }
  },
  "dependencies": {
    "@vueform/multiselect": {
      "version": "1.4.0",
      "resolved": "https://registry.npmjs.org/@vueform/multiselect/-/multiselect-1.4.0.tgz",
      "integrity": "sha512-8AujoMdPKjjb0UOk8sUyQ2SwEjtTW8+5R7I69mn7LBYMH42kC2GTlwKCGlannaFATq2obfOE/+G04l/GoafEFQ=="
    }
  }
}
